Microsoft Visual Studio Solution File, Format Version 12.00
# Visual Studio Version 17
VisualStudioVersion = 17.5.2.0
MinimumVisualStudioVersion = 10.0.40219.1
Project("{2150E333-8FDC-42A3-9474-1A3956D46DE8}") = "angular", "angular", "{DC49DF35-63DB-2357-1C31-703E97D27D09}"
EndProject
Project("{FAE04EC0-301F-11D3-BF4B-00C04F79EFBC}") = "web.api", "angular\web.api\web.api.csproj", "{81D27E97-B93E-CA46-A21A-4B049CB77466}"
EndProject
Global
	GlobalSection(SolutionConfigurationPlatforms) = preSolution
		Debug|Any CPU = Debug|Any CPU
		Release|Any CPU = Release|Any CPU
	EndGlobalSection
	GlobalSection(ProjectConfigurationPlatforms) = postSolution
		{81D27E97-B93E-CA46-A21A-4B049CB77466}.Debug|Any CPU.ActiveCfg = Debug|Any CPU
		{81D27E97-B93E-CA46-A21A-4B049CB77466}.Debug|Any CPU.Build.0 = Debug|Any CPU
		{81D27E97-B93E-CA46-A21A-4B049CB77466}.Release|Any CPU.ActiveCfg = Release|Any CPU
		{81D27E97-B93E-CA46-A21A-4B049CB77466}.Release|Any CPU.Build.0 = Release|Any CPU
	EndGlobalSection
	GlobalSection(SolutionProperties) = preSolution
		HideSolutionNode = FALSE
	EndGlobalSection
	GlobalSection(NestedProjects) = preSolution
		{81D27E97-B93E-CA46-A21A-4B049CB77466} = {DC49DF35-63DB-2357-1C31-703E97D27D09}
	EndGlobalSection
	GlobalSection(ExtensibilityGlobals) = postSolution
		SolutionGuid = {3717A2B0-036B-4C64-9736-444336E6C5FD}
	EndGlobalSection
EndGlobal
